# This file is automatically @generated by Cargo.
# It is not intended for manual editing.
version = 4

[[package]]
name = "inkrusty"
version = "0.1.0"
dependencies = [
 "mallocator",
]

[[package]]
name = "mallocator"
version = "0.1.0"
source = "registry+https://github.com/rust-lang/crates.io-index"
checksum = "1342515a73c01a876ae1872ca25c3b6759aec4efac718ecc7c537584bf4b8a48"
